
Microsoft Visual Studio Solution File, Format Version 12.00
# Visual Studio 15
VisualStudioVersion = 15.0.28010.2019
MinimumVisualStudioVersion = 10.0.40219.1
Project("{FAE04EC0-301F-11D3-BF4B-00C04F79EFBC}") = "FileLogger", "FileLogger.csproj", "{AB406F3C-7A8D-44C4-86F1-AD782FAFD3FB}"
EndProject
Global
	GlobalSection(SolutionConfigurationPlatforms) = preSolution
		Debug|Any CPU = Debug|Any CPU
		Release|Any CPU = Release|Any CPU
	EndGlobalSection
	GlobalSection(ProjectConfigurationPlatforms) = postSolution
		{AB406F3C-7A8D-44C4-86F1-AD782FAFD3FB}.Debug|Any CPU.ActiveCfg = Debug|Any CPU
		{AB406F3C-7A8D-44C4-86F1-AD782FAFD3FB}.Debug|Any CPU.Build.0 = Debug|Any CPU
		{AB406F3C-7A8D-44C4-86F1-AD782FAFD3FB}.Release|Any CPU.ActiveCfg = Release|Any CPU
		{AB406F3C-7A8D-44C4-86F1-AD782FAFD3FB}.Release|Any CPU.Build.0 = Release|Any CPU
	EndGlobalSection
	GlobalSection(SolutionProperties) = preSolution
		HideSolutionNode = FALSE
	EndGlobalSection
	GlobalSection(ExtensibilityGlobals) = postSolution
		SolutionGuid = {4E78B82D-5089-4D3E-97B4-7ABD5C865862}
	EndGlobalSection
EndGlobal
